
Microsoft Visual Studio Solution File, Format Version 12.00
# Visual Studio 2013
VisualStudioVersion = 12.0.21005.1
MinimumVisualStudioVersion = 10.0.40219.1
Project("{8BC9CEB8-8B4A-11D0-8D11-00A0C91BC942}") = "Assignment01_155134X_TangZhiTern", "Assignment01_155134X_TangZhiTern\Assignment01_155134X_TangZhiTern.vcxproj", "{87FC7B75-D7A8-4047-9090-02B6F5C7F5F2}"
EndProject
Global
	GlobalSection(SolutionConfigurationPlatforms) = preSolution
		Debug|Win32 = Debug|Win32
		Release|Win32 = Release|Win32
	EndGlobalSection
	GlobalSection(ProjectConfigurationPlatforms) = postSolution
		{87FC7B75-D7A8-4047-9090-02B6F5C7F5F2}.Debug|Win32.ActiveCfg = Debug|Win32
		{87FC7B75-D7A8-4047-9090-02B6F5C7F5F2}.Debug|Win32.Build.0 = Debug|Win32
		{87FC7B75-D7A8-4047-9090-02B6F5C7F5F2}.Release|Win32.ActiveCfg = Release|Win32
		{87FC7B75-D7A8-4047-9090-02B6F5C7F5F2}.Release|Win32.Build.0 = Release|Win32
	EndGlobalSection
	GlobalSection(SolutionProperties) = preSolution
		HideSolutionNode = FALSE
	EndGlobalSection
EndGlobal
